// !$*UTF8*$!
{
	archiveVersion = 1;
	classes = {
	};
	objectVersion = 56;
	objects = {

/* Begin PBXBuildFile section */
		3AF855222A1261A400B75AAD /* AppDelegate.swift in Sources */ = {isa = PBXBuildFile; fileRef = 3AF855212A1261A400B75AAD /* AppDelegate.swift */; };
		3AF855242A1261A400B75AAD /* SceneDelegate.swift in Sources */ = {isa = PBXBuildFile; fileRef = 3AF855232A1261A400B75AAD /* SceneDelegate.swift */; };
		3AF855262A1261A400B75AAD /* ViewController.swift in Sources */ = {isa = PBXBuildFile; fileRef = 3AF855252A1261A400B75AAD /* ViewController.swift */; };
		3AF855292A1261A400B75AAD /* Main.storyboard in Resources */ = {isa = PBXBuildFile; fileRef = 3AF855272A1261A400B75AAD /* Main.storyboard */; };
		3AF8552B2A1261A500B75AAD /* Assets.xcassets in Resources */ = {isa = PBXBuildFile; fileRef = 3AF8552A2A1261A500B75AAD /* Assets.xcassets */; };
		3AF8552E2A1261A500B75AAD /* LaunchScreen.storyboard in Resources */ = {isa = PBXBuildFile; fileRef = 3AF8552C2A1261A500B75AAD /* LaunchScreen.storyboard */; };
		3AF855392A1261A500B75AAD /* ImageFeedTests.swift in Sources */ = {isa = PBXBuildFile; fileRef = 3AF855382A1261A500B75AAD /* ImageFeedTests.swift */; };
		3AF855432A1261A500B75AAD /* ImageFeedUITests.swift in Sources */ = {isa = PBXBuildFile; fileRef = 3AF855422A1261A500B75AAD /* ImageFeedUITests.swift */; };
		3AF855452A1261A500B75AAD /* ImageFeedUITestsLaunchTests.swift in Sources */ = {isa = PBXBuildFile; fileRef = 3AF855442A1261A500B75AAD /* ImageFeedUITestsLaunchTests.swift */; };
/* End PBXBuildFile section */

/* Begin PBXContainerItemProxy section */
		3AF855352A1261A500B75AAD /* PBXContainerItemProxy */ = {
			isa = PBXContainerItemProxy;
			containerPortal = 3AF855162A1261A400B75AAD /* Project object */;
			proxyType = 1;
			remoteGlobalIDString = 3AF8551D2A1261A400B75AAD;
			remoteInfo = ImageFeed;
		};
		3AF8553F2A1261A500B75AAD /* PBXContainerItemProxy */ = {
			isa = PBXContainerItemProxy;
			containerPortal = 3AF855162A1261A400B75AAD /* Project object */;
			proxyType = 1;
			remoteGlobalIDString = 3AF8551D2A1261A400B75AAD;
			remoteInfo = ImageFeed;
		};
/* End PBXContainerItemProxy section */

/* Begin PBXFileReference section */
		3AF8551E2A1261A400B75AAD /* ImageFeed.app */ = {isa = PBXFileReference; explicitFileType = wrapper.application; includeInIndex = 0; path = ImageFeed.app; sourceTree = BUILT_PRODUCTS_DIR; };
		3AF855212A1261A400B75AAD /* AppDelegate.swift */ = {isa = PBXFileReference; lastKnownFileType = sourcecode.swift; path = AppDelegate.swift; sourceTree = "<group>"; };
		3AF855232A1261A400B75AAD /* SceneDelegate.swift */ = {isa = PBXFileReference; lastKnownFileType = sourcecode.swift; path = SceneDelegate.swift; sourceTree = "<group>"; };
		3AF855252A1261A400B75AAD /* ViewController.swift */ = {isa = PBXFileReference; lastKnownFileType = sourcecode.swift; path = ViewController.swift; sourceTree = "<group>"; };
		3AF855282A1261A400B75AAD /* Base */ = {isa = PBXFileReference; lastKnownFileType = file.storyboard; name = Base; path = Base.lproj/Main.storyboard; sourceTree = "<group>"; };
		3AF8552A2A1261A500B75AAD /* Assets.xcassets */ = {isa = PBXFileReference; lastKnownFileType = folder.assetcatalog; path = Assets.xcassets; sourceTree = "<group>"; };
		3AF8552D2A1261A500B75AAD /* Base */ = {isa = PBXFileReference; lastKnownFileType = file.storyboard; name = Base; path = Base.lproj/LaunchScreen.storyboard; sourceTree = "<group>"; };
		3AF8552F2A1261A500B75AAD /* Info.plist */ = {isa = PBXFileReference; lastKnownFileType = text.plist.xml; path = Info.plist; sourceTree = "<group>"; };
		3AF855342A1261A500B75AAD /* ImageFeedTests.xctest */ = {isa = PBXFileReference; explicitFileType = wrapper.cfbundle; includeInIndex = 0; path = ImageFeedTests.xctest; sourceTree = BUILT_PRODUCTS_DIR; };
		3AF855382A1261A500B75AAD /* ImageFeedTests.swift */ = {isa = PBXFileReference; lastKnownFileType = sourcecode.swift; path = ImageFeedTests.swift; sourceTree = "<group>"; };
		3AF8553E2A1261A500B75AAD /* ImageFeedUITests.xctest */ = {isa = PBXFileReference; explicitFileType = wrapper.cfbundle; includeInIndex = 0; path = ImageFeedUITests.xctest; sourceTree = BUILT_PRODUCTS_DIR; };
		3AF855422A1261A500B75AAD /* ImageFeedUITests.swift */ = {isa = PBXFileReference; lastKnownFileType = sourcecode.swift; path = ImageFeedUITests.swift; sourceTree = "<group>"; };
		3AF855442A1261A500B75AAD /* ImageFeedUITestsLaunchTests.swift */ = {isa = PBXFileReference; lastKnownFileType = sourcecode.swift; path = ImageFeedUITestsLaunchTests.swift; sourceTree = "<group>"; };
/* End PBXFileReference section */

/* Begin PBXFrameworksBuildPhase section */
		3AF8551B2A1261A400B75AAD /* Frameworks */ = {
			isa = PBXFrameworksBuildPhase;
			buildActionMask = 2147483647;
			files = (
			);
			runOnlyForDeploymentPostprocessing = 0;
		};
		3AF855312A1261A500B75AAD /* Frameworks */ = {
			isa = PBXFrameworksBuildPhase;
			buildActionMask = 2147483647;
			files = (
			);
			runOnlyForDeploymentPostprocessing = 0;
		};
		3AF8553B2A1261A500B75AAD /* Frameworks */ = {
			isa = PBXFrameworksBuildPhase;
			buildActionMask = 2147483647;
			files = (
			);
			runOnlyForDeploymentPostprocessing = 0;
		};
/* End PBXFrameworksBuildPhase section */

/* Begin PBXGroup section */
		3AF855152A1261A400B75AAD = {
			isa = PBXGroup;
			children = (
				3AF855202A1261A400B75AAD /* ImageFeed */,
				3AF855372A1261A500B75AAD /* ImageFeedTests */,
				3AF855412A1261A500B75AAD /* ImageFeedUITests */,
				3AF8551F2A1261A400B75AAD /* Products */,
			);
			sourceTree = "<group>";
		};
		3AF8551F2A1261A400B75AAD /* Products */ = {
			isa = PBXGroup;
			children = (
				3AF8551E2A1261A400B75AAD /* ImageFeed.app */,
				3AF855342A1261A500B75AAD /* ImageFeedTests.xctest */,
				3AF8553E2A1261A500B75AAD /* ImageFeedUITests.xctest */,
			);
			name = Products;
			sourceTree = "<group>";
		};
		3AF855202A1261A400B75AAD /* ImageFeed */ = {
			isa = PBXGroup;
			children = (
				3AF855212A1261A400B75AAD /* AppDelegate.swift */,
				3AF855232A1261A400B75AAD /* SceneDelegate.swift */,
				3AF855252A1261A400B75AAD /* ViewController.swift */,
				3AF855272A1261A400B75AAD /* Main.storyboard */,
				3AF8552A2A1261A500B75AAD /* Assets.xcassets */,
				3AF8552C2A1261A500B75AAD /* LaunchScreen.storyboard */,
				3AF8552F2A1261A500B75AAD /* Info.plist */,
			);
			path = ImageFeed;
			sourceTree = "<group>";
		};
		3AF855372A1261A500B75AAD /* ImageFeedTests */ = {
			isa = PBXGroup;
			children = (
				3AF855382A1261A500B75AAD /* ImageFeedTests.swift */,
			);
			path = ImageFeedTests;
			sourceTree = "<group>";
		};
		3AF855412A1261A500B75AAD /* ImageFeedUITests */ = {
			isa = PBXGroup;
			children = (
				3AF855422A1261A500B75AAD /* ImageFeedUITests.swift */,
				3AF855442A1261A500B75AAD /* ImageFeedUITestsLaunchTests.swift */,
			);
			path = ImageFeedUITests;
			sourceTree = "<group>";
		};
/* End PBXGroup section */

/* Begin PBXNativeTarget section */
		3AF8551D2A1261A400B75AAD /* ImageFeed */ = {
			isa = PBXNativeTarget;
			buildConfigurationList = 3AF855482A1261A500B75AAD /* Build configuration list for PBXNativeTarget "ImageFeed" */;
			buildPhases = (
				3AF8551A2A1261A400B75AAD /* Sources */,
				3AF8551B2A1261A400B75AAD /* Frameworks */,
				3AF8551C2A1261A400B75AAD /* Resources */,
			);
			buildRules = (
			);
			dependencies = (
			);
			name = ImageFeed;
			productName = ImageFeed;
			productReference = 3AF8551E2A1261A400B75AAD /* ImageFeed.app */;
			productType = "com.apple.product-type.application";
		};
		3AF855332A1261A500B75AAD /* ImageFeedTests */ = {
			isa = PBXNativeTarget;
			buildConfigurationList = 3AF8554B2A1261A500B75AAD /* Build configuration list for PBXNativeTarget "ImageFeedTests" */;
			buildPhases = (
				3AF855302A1261A500B75AAD /* Sources */,
				3AF855312A1261A500B75AAD /* Frameworks */,
				3AF855322A1261A500B75AAD /* Resources */,
			);
			buildRules = (
			);
			dependencies = (
				3AF855362A1261A500B75AAD /* PBXTargetDependency */,
			);
			name = ImageFeedTests;
			productName = ImageFeedTests;
			productReference = 3AF855342A1261A500B75AAD /* ImageFeedTests.xctest */;
			productType = "com.apple.product-type.bundle.unit-test";
		};
		3AF8553D2A1261A500B75AAD /* ImageFeedUITests */ = {
			isa = PBXNativeTarget;
			buildConfigurationList = 3AF8554E2A1261A500B75AAD /* Build configuration list for PBXNativeTarget "ImageFeedUITests" */;
			buildPhases = (
				3AF8553A2A1261A500B75AAD /* Sources */,
				3AF8553B2A1261A500B75AAD /* Frameworks */,
				3AF8553C2A1261A500B75AAD /* Resources */,
			);
			buildRules = (
			);
			dependencies = (
				3AF855402A1261A500B75AAD /* PBXTargetDependency */,
			);
			name = ImageFeedUITests;
			productName = ImageFeedUITests;
			productReference = 3AF8553E2A1261A500B75AAD /* ImageFeedUITests.xctest */;
			productType = "com.apple.product-type.bundle.ui-testing";
		};
/* End PBXNativeTarget section */

/* Begin PBXProject section */
		3AF855162A1261A400B75AAD /* Project object */ = {
			isa = PBXProject;
			attributes = {
				BuildIndependentTargetsInParallel = 1;
				LastSwiftUpdateCheck = 1430;
				LastUpgradeCheck = 1430;
				TargetAttributes = {
					3AF8551D2A1261A400B75AAD = {
						CreatedOnToolsVersion = 14.3;
					};
					3AF855332A1261A500B75AAD = {
						CreatedOnToolsVersion = 14.3;
						TestTargetID = 3AF8551D2A1261A400B75AAD;
					};
					3AF8553D2A1261A500B75AAD = {
						CreatedOnToolsVersion = 14.3;
						TestTargetID = 3AF8551D2A1261A400B75AAD;
					};
				};
			};
			buildConfigurationList = 3AF855192A1261A400B75AAD /* Build configuration list for PBXProject "ImageFeed" */;
			compatibilityVersion = "Xcode 14.0";
			developmentRegion = en;
			hasScannedForEncodings = 0;
			knownRegions = (
				en,
				Base,
			);
			mainGroup = 3AF855152A1261A400B75AAD;
			productRefGroup = 3AF8551F2A1261A400B75AAD /* Products */;
			projectDirPath = "";
			projectRoot = "";
			targets = (
				3AF8551D2A1261A400B75AAD /* ImageFeed */,
				3AF855332A1261A500B75AAD /* ImageFeedTests */,
				3AF8553D2A1261A500B75AAD /* ImageFeedUITests */,
			);
		};
/* End PBXProject section */

/* Begin PBXResourcesBuildPhase section */
		3AF8551C2A1261A400B75AAD /* Resources */ = {
			isa = PBXResourcesBuildPhase;
			buildActionMask = 2147483647;
			files = (
				3AF8552E2A1261A500B75AAD /* LaunchScreen.storyboard in Resources */,
				3AF8552B2A1261A500B75AAD /* Assets.xcassets in Resources */,
				3AF855292A1261A400B75AAD /* Main.storyboard in Resources */,
			);
			runOnlyForDeploymentPostprocessing = 0;
		};
		3AF855322A1261A500B75AAD /* Resources */ = {
			isa = PBXResourcesBuildPhase;
			buildActionMask = 2147483647;
			files = (
			);
			runOnlyForDeploymentPostprocessing = 0;
		};
		3AF8553C2A1261A500B75AAD /* Resources */ = {
			isa = PBXResourcesBuildPhase;
			buildActionMask = 2147483647;
			files = (
			);
			runOnlyForDeploymentPostprocessing = 0;
		};
/* End PBXResourcesBuildPhase section */

/* Begin PBXSourcesBuildPhase section */
		3AF8551A2A1261A400B75AAD /* Sources */ = {
			isa = PBXSourcesBuildPhase;
			buildActionMask = 2147483647;
			files = (
				3AF855262A1261A400B75AAD /* ViewController.swift in Sources */,
				3AF855222A1261A400B75AAD /* AppDelegate.swift in Sources */,
				3AF855242A1261A400B75AAD /* SceneDelegate.swift in Sources */,
			);
			runOnlyForDeploymentPostprocessing = 0;
		};
		3AF855302A1261A500B75AAD /* Sources */ = {
			isa = PBXSourcesBuildPhase;
			buildActionMask = 2147483647;
			files = (
				3AF855392A1261A500B75AAD /* ImageFeedTests.swift in Sources */,
			);
			runOnlyForDeploymentPostprocessing = 0;
		};
		3AF8553A2A1261A500B75AAD /* Sources */ = {
			isa = PBXSourcesBuildPhase;
			buildActionMask = 2147483647;
			files = (
				3AF855452A1261A500B75AAD /* ImageFeedUITestsLaunchTests.swift in Sources */,
				3AF855432A1261A500B75AAD /* ImageFeedUITests.swift in Sources */,
			);
			runOnlyForDeploymentPostprocessing = 0;
		};
/* End PBXSourcesBuildPhase section */

/* Begin PBXTargetDependency section */
		3AF855362A1261A500B75AAD /* PBXTargetDependency */ = {
			isa = PBXTargetDependency;
			target = 3AF8551D2A1261A400B75AAD /* ImageFeed */;
			targetProxy = 3AF855352A1261A500B75AAD /* PBXContainerItemProxy */;
		};
		3AF855402A1261A500B75AAD /* PBXTargetDependency */ = {
			isa = PBXTargetDependency;
			target = 3AF8551D2A1261A400B75AAD /* ImageFeed */;
			targetProxy = 3AF8553F2A1261A500B75AAD /* PBXContainerItemProxy */;
		};
/* End PBXTargetDependency section */

/* Begin PBXVariantGroup section */
		3AF855272A1261A400B75AAD /* Main.storyboard */ = {
			isa = PBXVariantGroup;
			children = (
				3AF855282A1261A400B75AAD /* Base */,
			);
			name = Main.storyboard;
			sourceTree = "<group>";
		};
		3AF8552C2A1261A500B75AAD /* LaunchScreen.storyboard */ = {
			isa = PBXVariantGroup;
			children = (
				3AF8552D2A1261A500B75AAD /* Base */,
			);
			name = LaunchScreen.storyboard;
			sourceTree = "<group>";
		};
/* End PBXVariantGroup section */

/* Begin XCBuildConfiguration section */
		3AF855462A1261A500B75AAD /* Debug */ = {
			isa = XCBuildConfiguration;
			buildSettings = {
				ALWAYS_SEARCH_USER_PATHS = NO;
				CLANG_ANALYZER_NONNULL = YES;
				CLANG_ANALYZER_NUMBER_OBJECT_CONVERSION = YES_AGGRESSIVE;
				CLANG_CXX_LANGUAGE_STANDARD = "gnu++20";
				CLANG_ENABLE_MODULES = YES;
				CLANG_ENABLE_OBJC_ARC = YES;
				CLANG_ENABLE_OBJC_WEAK = YES;
				CLANG_WARN_BLOCK_CAPTURE_AUTORELEASING = YES;
				CLANG_WARN_BOOL_CONVERSION = YES;
				CLANG_WARN_COMMA = YES;
				CLANG_WARN_CONSTANT_CONVERSION = YES;
				CLANG_WARN_DEPRECATED_OBJC_IMPLEMENTATIONS = YES;
				CLANG_WARN_DIRECT_OBJC_ISA_USAGE = YES_ERROR;
				CLANG_WARN_DOCUMENTATION_COMMENTS = YES;
				CLANG_WARN_EMPTY_BODY = YES;
				CLANG_WARN_ENUM_CONVERSION = YES;
				CLANG_WARN_INFINITE_RECURSION = YES;
				CLANG_WARN_INT_CONVERSION = YES;
				CLANG_WARN_NON_LITERAL_NULL_CONVERSION = YES;
				CLANG_WARN_OBJC_IMPLICIT_RETAIN_SELF = YES;
				CLANG_WARN_OBJC_LITERAL_CONVERSION = YES;
				CLANG_WARN_OBJC_ROOT_CLASS = YES_ERROR;
				CLANG_WARN_QUOTED_INCLUDE_IN_FRAMEWORK_HEADER = YES;
				CLANG_WARN_RANGE_LOOP_ANALYSIS = YES;
				CLANG_WARN_STRICT_PROTOTYPES = YES;
				CLANG_WARN_SUSPICIOUS_MOVE = YES;
				CLANG_WARN_UNGUARDED_AVAILABILITY = YES_AGGRESSIVE;
				CLANG_WARN_UNREACHABLE_CODE = YES;
				CLANG_WARN__DUPLICATE_METHOD_MATCH = YES;
				COPY_PHASE_STRIP = NO;
				DEBUG_INFORMATION_FORMAT = dwarf;
				ENABLE_STRICT_OBJC_MSGSEND = YES;
				ENABLE_TESTABILITY = YES;
				GCC_C_LANGUAGE_STANDARD = gnu11;
				GCC_DYNAMIC_NO_PIC = NO;
				GCC_NO_COMMON_BLOCKS = YES;
				GCC_OPTIMIZATION_LEVEL = 0;
				GCC_PREPROCESSOR_DEFINITIONS = (
					"DEBUG=1",
					"$(inherited)",
				);
				GCC_WARN_64_TO_32_BIT_CONVERSION = YES;
				GCC_WARN_ABOUT_RETURN_TYPE = YES_ERROR;
				GCC_WARN_UNDECLARED_SELECTOR = YES;
				GCC_WARN_UNINITIALIZED_AUTOS = YES_AGGRESSIVE;
				GCC_WARN_UNUSED_FUNCTION = YES;
				GCC_WARN_UNUSED_VARIABLE = YES;
				IPHONEOS_DEPLOYMENT_TARGET = 16.4;
				MTL_ENABLE_DEBUG_INFO = INCLUDE_SOURCE;
				MTL_FAST_MATH = YES;
				ONLY_ACTIVE_ARCH = YES;
				SDKROOT = iphoneos;
				SWIFT_ACTIVE_COMPILATION_CONDITIONS = DEBUG;
				SWIFT_OPTIMIZATION_LEVEL = "-Onone";
			};
			name = Debug;
		};
		3AF855472A1261A500B75AAD /* Release */ = {
			isa = XCBuildConfiguration;
			buildSettings = {
				ALWAYS_SEARCH_USER_PATHS = NO;
				CLANG_ANALYZER_NONNULL = YES;
				CLANG_ANALYZER_NUMBER_OBJECT_CONVERSION = YES_AGGRESSIVE;
				CLANG_CXX_LANGUAGE_STANDARD = "gnu++20";
				CLANG_ENABLE_MODULES = YES;
				CLANG_ENABLE_OBJC_ARC = YES;
				CLANG_ENABLE_OBJC_WEAK = YES;
				CLANG_WARN_BLOCK_CAPTURE_AUTORELEASING = YES;
				CLANG_WARN_BOOL_CONVERSION = YES;
				CLANG_WARN_COMMA = YES;
				CLANG_WARN_CONSTANT_CONVERSION = YES;
				CLANG_WARN_DEPRECATED_OBJC_IMPLEMENTATIONS = YES;
				CLANG_WARN_DIRECT_OBJC_ISA_USAGE = YES_ERROR;
				CLANG_WARN_DOCUMENTATION_COMMENTS = YES;
				CLANG_WARN_EMPTY_BODY = YES;
				CLANG_WARN_ENUM_CONVERSION = YES;
				CLANG_WARN_INFINITE_RECURSION = YES;
				CLANG_WARN_INT_CONVERSION = YES;
				CLANG_WARN_NON_LITERAL_NULL_CONVERSION = YES;
				CLANG_WARN_OBJC_IMPLICIT_RETAIN_SELF = YES;
				CLANG_WARN_OBJC_LITERAL_CONVERSION = YES;
				CLANG_WARN_OBJC_ROOT_CLASS = YES_ERROR;
				CLANG_WARN_QUOTED_INCLUDE_IN_FRAMEWORK_HEADER = YES;
				CLANG_WARN_RANGE_LOOP_ANALYSIS = YES;
				CLANG_WARN_STRICT_PROTOTYPES = YES;
				CLANG_WARN_SUSPICIOUS_MOVE = YES;
				CLANG_WARN_UNGUARDED_AVAILABILITY = YES_AGGRESSIVE;
				CLANG_WARN_UNREACHABLE_CODE = YES;
				CLANG_WARN__DUPLICATE_METHOD_MATCH = YES;
				COPY_PHASE_STRIP = NO;
				DEBUG_INFORMATION_FORMAT = "dwarf-with-dsym";
				ENABLE_NS_ASSERTIONS = NO;
				ENABLE_STRICT_OBJC_MSGSEND = YES;
				GCC_C_LANGUAGE_STANDARD = gnu11;
				GCC_NO_COMMON_BLOCKS = YES;
				GCC_WARN_64_TO_32_BIT_CONVERSION = YES;
				GCC_WARN_ABOUT_RETURN_TYPE = YES_ERROR;
				GCC_WARN_UNDECLARED_SELECTOR = YES;
				GCC_WARN_UNINITIALIZED_AUTOS = YES_AGGRESSIVE;
				GCC_WARN_UNUSED_FUNCTION = YES;
				GCC_WARN_UNUSED_VARIABLE = YES;
				IPHONEOS_DEPLOYMENT_TARGET = 16.4;
				MTL_ENABLE_DEBUG_INFO = NO;
				MTL_FAST_MATH = YES;
				SDKROOT = iphoneos;
				SWIFT_COMPILATION_MODE = wholemodule;
				SWIFT_OPTIMIZATION_LEVEL = "-O";
				VALIDATE_PRODUCT = YES;
			};
			name = Release;
		};
		3AF855492A1261A500B75AAD /* Debug */ = {
			isa = XCBuildConfiguration;
			buildSettings = {
				ASSETCATALOG_COMPILER_APPICON_NAME = AppIcon;
				ASSETCATALOG_COMPILER_GLOBAL_ACCENT_COLOR_NAME = AccentColor;
				CODE_SIGN_STYLE = Automatic;
				CURRENT_PROJECT_VERSION = 1;
				DEVELOPMENT_TEAM = 88982SR2MP;
				GENERATE_INFOPLIST_FILE = YES;
				INFOPLIST_FILE = ImageFeed/Info.plist;
				INFOPLIST_KEY_UIApplicationSupportsIndirectInputEvents = YES;
				INFOPLIST_KEY_UILaunchStoryboardName = LaunchScreen;
				INFOPLIST_KEY_UIMainStoryboardFile = Main;
				INFOPLIST_KEY_UISupportedInterfaceOrientations_iPad = "UIInterfaceOrientationPortrait UIInterfaceOrientationPortraitUpsideDown UIInterfaceOrientationLandscapeLeft UIInterfaceOrientationLandscapeRight";
				INFOPLIST_KEY_UISupportedInterfaceOrientations_iPhone = "UIInterfaceOrientationPortrait UIInterfaceOrientationLandscapeLeft UIInterfaceOrientationLandscapeRight";
				LD_RUNPATH_SEARCH_PATHS = (
					"$(inherited)",
					"@executable_path/Frameworks",
				);
				MARKETING_VERSION = 1.0;
				PRODUCT_BUNDLE_IDENTIFIER = com.mycompany.ImageFeed;
				PRODUCT_NAME = "$(TARGET_NAME)";
				SWIFT_EMIT_LOC_STRINGS = YES;
				SWIFT_VERSION = 5.0;
				TARGETED_DEVICE_FAMILY = "1,2";
			};
			name = Debug;
		};
		3AF8554A2A1261A500B75AAD /* Release */ = {
			isa = XCBuildConfiguration;
			buildSettings = {
				ASSETCATALOG_COMPILER_APPICON_NAME = AppIcon;
				ASSETCATALOG_COMPILER_GLOBAL_ACCENT_COLOR_NAME = AccentColor;
				CODE_SIGN_STYLE = Automatic;
				CURRENT_PROJECT_VERSION = 1;
				DEVELOPMENT_TEAM = 88982SR2MP;
				GENERATE_INFOPLIST_FILE = YES;
				INFOPLIST_FILE = ImageFeed/Info.plist;
				INFOPLIST_KEY_UIApplicationSupportsIndirectInputEvents = YES;
				INFOPLIST_KEY_UILaunchStoryboardName = LaunchScreen;
				INFOPLIST_KEY_UIMainStoryboardFile = Main;
				INFOPLIST_KEY_UISupportedInterfaceOrientations_iPad = "UIInterfaceOrientationPortrait UIInterfaceOrientationPortraitUpsideDown UIInterfaceOrientationLandscapeLeft UIInterfaceOrientationLandscapeRight";
				INFOPLIST_KEY_UISupportedInterfaceOrientations_iPhone = "UIInterfaceOrientationPortrait UIInterfaceOrientationLandscapeLeft UIInterfaceOrientationLandscapeRight";
				LD_RUNPATH_SEARCH_PATHS = (
					"$(inherited)",
					"@executable_path/Frameworks",
				);
				MARKETING_VERSION = 1.0;
				PRODUCT_BUNDLE_IDENTIFIER = com.mycompany.ImageFeed;
				PRODUCT_NAME = "$(TARGET_NAME)";
				SWIFT_EMIT_LOC_STRINGS = YES;
				SWIFT_VERSION = 5.0;
				TARGETED_DEVICE_FAMILY = "1,2";
			};
			name = Release;
		};
		3AF8554C2A1261A500B75AAD /* Debug */ = {
			isa = XCBuildConfiguration;
			buildSettings = {
				ALWAYS_EMBED_SWIFT_STANDARD_LIBRARIES = YES;
				BUNDLE_LOADER = "$(TEST_HOST)";
				CODE_SIGN_STYLE = Automatic;
				CURRENT_PROJECT_VERSION = 1;
				DEVELOPMENT_TEAM = 88982SR2MP;
				GENERATE_INFOPLIST_FILE = YES;
				IPHONEOS_DEPLOYMENT_TARGET = 16.4;
				MARKETING_VERSION = 1.0;
				PRODUCT_BUNDLE_IDENTIFIER = com.mycompany.ImageFeedTests;
				PRODUCT_NAME = "$(TARGET_NAME)";
				SWIFT_EMIT_LOC_STRINGS = NO;
				SWIFT_VERSION = 5.0;
				TARGETED_DEVICE_FAMILY = "1,2";
				TEST_HOST = "$(BUILT_PRODUCTS_DIR)/ImageFeed.app/$(BUNDLE_EXECUTABLE_FOLDER_PATH)/ImageFeed";
			};
			name = Debug;
		};
		3AF8554D2A1261A500B75AAD /* Release */ = {
			isa = XCBuildConfiguration;
			buildSettings = {
				ALWAYS_EMBED_SWIFT_STANDARD_LIBRARIES = YES;
				BUNDLE_LOADER = "$(TEST_HOST)";
				CODE_SIGN_STYLE = Automatic;
				CURRENT_PROJECT_VERSION = 1;
				DEVELOPMENT_TEAM = 88982SR2MP;
				GENERATE_INFOPLIST_FILE = YES;
				IPHONEOS_DEPLOYMENT_TARGET = 16.4;
				MARKETING_VERSION = 1.0;
				PRODUCT_BUNDLE_IDENTIFIER = com.mycompany.ImageFeedTests;
				PRODUCT_NAME = "$(TARGET_NAME)";
				SWIFT_EMIT_LOC_STRINGS = NO;
				SWIFT_VERSION = 5.0;
				TARGETED_DEVICE_FAMILY = "1,2";
				TEST_HOST = "$(BUILT_PRODUCTS_DIR)/ImageFeed.app/$(BUNDLE_EXECUTABLE_FOLDER_PATH)/ImageFeed";
			};
			name = Release;
		};
		3AF8554F2A1261A500B75AAD /* Debug */ = {
			isa = XCBuildConfiguration;
			buildSettings = {
				ALWAYS_EMBED_SWIFT_STANDARD_LIBRARIES = YES;
				CODE_SIGN_STYLE = Automatic;
				CURRENT_PROJECT_VERSION = 1;
				DEVELOPMENT_TEAM = 88982SR2MP;
				GENERATE_INFOPLIST_FILE = YES;
				MARKETING_VERSION = 1.0;
				PRODUCT_BUNDLE_IDENTIFIER = com.mycompany.ImageFeedUITests;
				PRODUCT_NAME = "$(TARGET_NAME)";
				SWIFT_EMIT_LOC_STRINGS = NO;
				SWIFT_VERSION = 5.0;
				TARGETED_DEVICE_FAMILY = "1,2";
				TEST_TARGET_NAME = ImageFeed;
			};
			name = Debug;
		};
		3AF855502A1261A500B75AAD /* Release */ = {
			isa = XCBuildConfiguration;
			buildSettings = {
				ALWAYS_EMBED_SWIFT_STANDARD_LIBRARIES = YES;
				CODE_SIGN_STYLE = Automatic;
				CURRENT_PROJECT_VERSION = 1;
				DEVELOPMENT_TEAM = 88982SR2MP;
				GENERATE_INFOPLIST_FILE = YES;
				MARKETING_VERSION = 1.0;
				PRODUCT_BUNDLE_IDENTIFIER = com.mycompany.ImageFeedUITests;
				PRODUCT_NAME = "$(TARGET_NAME)";
				SWIFT_EMIT_LOC_STRINGS = NO;
				SWIFT_VERSION = 5.0;
				TARGETED_DEVICE_FAMILY = "1,2";
				TEST_TARGET_NAME = ImageFeed;
			};
			name = Release;
		};
/* End XCBuildConfiguration section */

/* Begin XCConfigurationList section */
		3AF855192A1261A400B75AAD /* Build configuration list for PBXProject "ImageFeed" */ = {
			isa = XCConfigurationList;
			buildConfigurations = (
				3AF855462A1261A500B75AAD /* Debug */,
				3AF855472A1261A500B75AAD /* Release */,
			);
			defaultConfigurationIsVisible = 0;
			defaultConfigurationName = Release;
		};
		3AF855482A1261A500B75AAD /* Build configuration list for PBXNativeTarget "ImageFeed" */ = {
			isa = XCConfigurationList;
			buildConfigurations = (
				3AF855492A1261A500B75AAD /* Debug */,
				3AF8554A2A1261A500B75AAD /* Release */,
			);
			defaultConfigurationIsVisible = 0;
			defaultConfigurationName = Release;
		};
		3AF8554B2A1261A500B75AAD /* Build configuration list for PBXNativeTarget "ImageFeedTests" */ = {
			isa = XCConfigurationList;
			buildConfigurations = (
				3AF8554C2A1261A500B75AAD /* Debug */,
				3AF8554D2A1261A500B75AAD /* Release */,
			);
			defaultConfigurationIsVisible = 0;
			defaultConfigurationName = Release;
		};
		3AF8554E2A1261A500B75AAD /* Build configuration list for PBXNativeTarget "ImageFeedUITests" */ = {
			isa = XCConfigurationList;
			buildConfigurations = (
				3AF8554F2A1261A500B75AAD /* Debug */,
				3AF855502A1261A500B75AAD /* Release */,
			);
			defaultConfigurationIsVisible = 0;
			defaultConfigurationName = Release;
		};
/* End XCConfigurationList section */
	};
	rootObject = 3AF855162A1261A400B75AAD /* Project object */;
}
